
Microsoft Visual Studio Solution File, Format Version 12.00
# Visual Studio Version 17
VisualStudioVersion = 17.9.34622.214
MinimumVisualStudioVersion = 10.0.40219.1
Project("{8BC9CEB8-8B4A-11D0-8D11-00A0C91BC942}") = "sudokuigra", "sudokuigra\sudokuigra.vcxproj", "{F106975F-DE27-4FB5-8661-3E72AD51F490}"
EndProject
Global
	GlobalSection(SolutionConfigurationPlatforms) = preSolution
		Debug|x64 = Debug|x64
		Debug|x86 = Debug|x86
		Release|x64 = Release|x64
		Release|x86 = Release|x86
	EndGlobalSection
	GlobalSection(ProjectConfigurationPlatforms) = postSolution
		{F106975F-DE27-4FB5-8661-3E72AD51F490}.Debug|x64.ActiveCfg = Debug|x64
		{F106975F-DE27-4FB5-8661-3E72AD51F490}.Debug|x64.Build.0 = Debug|x64
		{F106975F-DE27-4FB5-8661-3E72AD51F490}.Debug|x86.ActiveCfg = Debug|Win32
		{F106975F-DE27-4FB5-8661-3E72AD51F490}.Debug|x86.Build.0 = Debug|Win32
		{F106975F-DE27-4FB5-8661-3E72AD51F490}.Release|x64.ActiveCfg = Release|x64
		{F106975F-DE27-4FB5-8661-3E72AD51F490}.Release|x64.Build.0 = Release|x64
		{F106975F-DE27-4FB5-8661-3E72AD51F490}.Release|x86.ActiveCfg = Release|Win32
		{F106975F-DE27-4FB5-8661-3E72AD51F490}.Release|x86.Build.0 = Release|Win32
	EndGlobalSection
	GlobalSection(SolutionProperties) = preSolution
		HideSolutionNode = FALSE
	EndGlobalSection
	GlobalSection(ExtensibilityGlobals) = postSolution
		SolutionGuid = {269BF44A-69D3-4D64-A371-D7671D5973E4}
	EndGlobalSection
EndGlobal
